
Microsoft Visual Studio Solution File, Format Version 12.00
# Visual Studio 15
VisualStudioVersion = 15.0.28010.2026
MinimumVisualStudioVersion = 10.0.40219.1
Project("{FAE04EC0-301F-11D3-BF4B-00C04F79EFBC}") = "Joy", "src\Joy\Joy.csproj", "{F2B7D513-8C1C-4E0B-95F9-1900DDC9DFF5}"
EndProject
Project("{FAE04EC0-301F-11D3-BF4B-00C04F79EFBC}") = "Joy.Web.Runner", "src\Joy.Web.Runner\Joy.Web.Runner.csproj", "{BD5F5B9C-0042-4368-A5A7-2318BCF1856F}"
EndProject
Project("{FAE04EC0-301F-11D3-BF4B-00C04F79EFBC}") = "Joy.Cli", "src\Joy.Cli\Joy.Cli.csproj", "{9C2E9140-09F0-4290-9E94-49BA31BCD850}"
EndProject
Global
	GlobalSection(SolutionConfigurationPlatforms) = preSolution
		Debug|Any CPU = Debug|Any CPU
		Release|Any CPU = Release|Any CPU
	EndGlobalSection
	GlobalSection(ProjectConfigurationPlatforms) = postSolution
		{F2B7D513-8C1C-4E0B-95F9-1900DDC9DFF5}.Debug|Any CPU.ActiveCfg = Debug|Any CPU
		{F2B7D513-8C1C-4E0B-95F9-1900DDC9DFF5}.Debug|Any CPU.Build.0 = Debug|Any CPU
		{F2B7D513-8C1C-4E0B-95F9-1900DDC9DFF5}.Release|Any CPU.ActiveCfg = Release|Any CPU
		{F2B7D513-8C1C-4E0B-95F9-1900DDC9DFF5}.Release|Any CPU.Build.0 = Release|Any CPU
		{BD5F5B9C-0042-4368-A5A7-2318BCF1856F}.Debug|Any CPU.ActiveCfg = Debug|Any CPU
		{BD5F5B9C-0042-4368-A5A7-2318BCF1856F}.Debug|Any CPU.Build.0 = Debug|Any CPU
		{BD5F5B9C-0042-4368-A5A7-2318BCF1856F}.Release|Any CPU.ActiveCfg = Release|Any CPU
		{BD5F5B9C-0042-4368-A5A7-2318BCF1856F}.Release|Any CPU.Build.0 = Release|Any CPU
		{9C2E9140-09F0-4290-9E94-49BA31BCD850}.Debug|Any CPU.ActiveCfg = Debug|Any CPU
		{9C2E9140-09F0-4290-9E94-49BA31BCD850}.Debug|Any CPU.Build.0 = Debug|Any CPU
		{9C2E9140-09F0-4290-9E94-49BA31BCD850}.Release|Any CPU.ActiveCfg = Release|Any CPU
		{9C2E9140-09F0-4290-9E94-49BA31BCD850}.Release|Any CPU.Build.0 = Release|Any CPU
	EndGlobalSection
	GlobalSection(SolutionProperties) = preSolution
		HideSolutionNode = FALSE
	EndGlobalSection
	GlobalSection(ExtensibilityGlobals) = postSolution
		SolutionGuid = {4FDA3943-629A-4A27-A399-5B9DACC10029}
	EndGlobalSection
EndGlobal
